
Microsoft Visual Studio Solution File, Format Version 12.00
# Visual Studio Version 17
VisualStudioVersion = 17.0.31903.59
MinimumVisualStudioVersion = 10.0.40219.1
Project("{FAE04EC0-301F-11D3-BF4B-00C04F79EFBC}") = "GrpcTestServer", "GrpcTestServer\GrpcTestServer.csproj", "{82B92A54-337E-4F04-8F3B-7C3B9515EE81}"
EndProject
Project("{FAE04EC0-301F-11D3-BF4B-00C04F79EFBC}") = "GrpcTestClient", "GrpcTestClient\GrpcTestClient.csproj", "{2F5282B6-06E4-4992-8B3E-F3136D8E7623}"
EndProject
Global
	GlobalSection(SolutionConfigurationPlatforms) = preSolution
		Debug|Any CPU = Debug|Any CPU
		Release|Any CPU = Release|Any CPU
	EndGlobalSection
	GlobalSection(SolutionProperties) = preSolution
		HideSolutionNode = FALSE
	EndGlobalSection
	GlobalSection(ProjectConfigurationPlatforms) = postSolution
		{82B92A54-337E-4F04-8F3B-7C3B9515EE81}.Debug|Any CPU.ActiveCfg = Debug|Any CPU
		{82B92A54-337E-4F04-8F3B-7C3B9515EE81}.Debug|Any CPU.Build.0 = Debug|Any CPU
		{82B92A54-337E-4F04-8F3B-7C3B9515EE81}.Release|Any CPU.ActiveCfg = Release|Any CPU
		{82B92A54-337E-4F04-8F3B-7C3B9515EE81}.Release|Any CPU.Build.0 = Release|Any CPU
		{2F5282B6-06E4-4992-8B3E-F3136D8E7623}.Debug|Any CPU.ActiveCfg = Debug|Any CPU
		{2F5282B6-06E4-4992-8B3E-F3136D8E7623}.Debug|Any CPU.Build.0 = Debug|Any CPU
		{2F5282B6-06E4-4992-8B3E-F3136D8E7623}.Release|Any CPU.ActiveCfg = Release|Any CPU
		{2F5282B6-06E4-4992-8B3E-F3136D8E7623}.Release|Any CPU.Build.0 = Release|Any CPU
	EndGlobalSection
EndGlobal
